
Microsoft Visual Studio Solution File, Format Version 12.00
# Visual Studio 15
VisualStudioVersion = 15.0.28307.645
MinimumVisualStudioVersion = 10.0.40219.1
Project("{F2A71F9B-5D33-465A-A702-920D77279786}") = "sudolver", "sudolver.fsproj", "{72CE60A2-B9C1-4E61-9458-C73B62972229}"
EndProject
Global
	GlobalSection(SolutionConfigurationPlatforms) = preSolution
		Debug|Any CPU = Debug|Any CPU
		Release|Any CPU = Release|Any CPU
	EndGlobalSection
	GlobalSection(ProjectConfigurationPlatforms) = postSolution
		{72CE60A2-B9C1-4E61-9458-C73B62972229}.Debug|Any CPU.ActiveCfg = Debug|Any CPU
		{72CE60A2-B9C1-4E61-9458-C73B62972229}.Debug|Any CPU.Build.0 = Debug|Any CPU
		{72CE60A2-B9C1-4E61-9458-C73B62972229}.Release|Any CPU.ActiveCfg = Release|Any CPU
		{72CE60A2-B9C1-4E61-9458-C73B62972229}.Release|Any CPU.Build.0 = Release|Any CPU
	EndGlobalSection
	GlobalSection(SolutionProperties) = preSolution
		HideSolutionNode = FALSE
	EndGlobalSection
	GlobalSection(ExtensibilityGlobals) = postSolution
		SolutionGuid = {F120A37B-AB87-47BE-B2B8-C5F31FBE4995}
	EndGlobalSection
EndGlobal
